
Microsoft Visual Studio Solution File, Format Version 12.00
# Visual Studio Version 17
VisualStudioVersion = 17.0.32014.148
MinimumVisualStudioVersion = 10.0.40219.1
Project("{9A19103F-16F7-4668-BE54-9A1E7A4F7556}") = "Stellamod", "C:/Users/samur\Documents\My Games\Terraria\tModLoader\ModSources\Stellamod\Stellamod.csproj", "{717DD156-FFC3-40AC-AFDA-F8AB9159F859}"
EndProject
Global
	GlobalSection(SolutionConfigurationPlatforms) = preSolution
		Debug|Any CPU = Debug|Any CPU
		Release|Any CPU = Release|Any CPU
	EndGlobalSection
	GlobalSection(ProjectConfigurationPlatforms) = postSolution
		{717DD156-FFC3-40AC-AFDA-F8AB9159F859}.Debug|Any CPU.ActiveCfg = Debug|Any CPU
		{717DD156-FFC3-40AC-AFDA-F8AB9159F859}.Debug|Any CPU.Build.0 = Debug|Any CPU
		{717DD156-FFC3-40AC-AFDA-F8AB9159F859}.Release|Any CPU.ActiveCfg = Release|Any CPU
		{717DD156-FFC3-40AC-AFDA-F8AB9159F859}.Release|Any CPU.Build.0 = Release|Any CPU
	EndGlobalSection
	GlobalSection(SolutionProperties) = preSolution
		HideSolutionNode = FALSE
	EndGlobalSection
	GlobalSection(ExtensibilityGlobals) = postSolution
		SolutionGuid = {84B3031C-D469-48B5-823C-6039747EE40A}
	EndGlobalSection
EndGlobal
