
Microsoft Visual Studio Solution File, Format Version 12.00
# Visual Studio Version 17
VisualStudioVersion = 17.3.32922.545
MinimumVisualStudioVersion = 10.0.40219.1
Project("{9A19103F-16F7-4668-BE54-9A1E7A4F7556}") = "Stellamod", "Stellamod.csproj", "{AF33E3BD-551B-4530-ADB2-FAB5C5B93653}"
EndProject
Global
	GlobalSection(SolutionConfigurationPlatforms) = preSolution
		Debug|Any CPU = Debug|Any CPU
		Release|Any CPU = Release|Any CPU
	EndGlobalSection
	GlobalSection(ProjectConfigurationPlatforms) = postSolution
		{AF33E3BD-551B-4530-ADB2-FAB5C5B93653}.Debug|Any CPU.ActiveCfg = Debug|Any CPU
		{AF33E3BD-551B-4530-ADB2-FAB5C5B93653}.Debug|Any CPU.Build.0 = Debug|Any CPU
		{AF33E3BD-551B-4530-ADB2-FAB5C5B93653}.Release|Any CPU.ActiveCfg = Release|Any CPU
		{AF33E3BD-551B-4530-ADB2-FAB5C5B93653}.Release|Any CPU.Build.0 = Release|Any CPU
	EndGlobalSection
	GlobalSection(SolutionProperties) = preSolution
		HideSolutionNode = FALSE
	EndGlobalSection
	GlobalSection(ExtensibilityGlobals) = postSolution
		SolutionGuid = {422B00FE-AC16-4910-8A2E-6D58E9ACCDC1}
	EndGlobalSection
EndGlobal
