
Microsoft Visual Studio Solution File, Format Version 12.00
# Visual Studio Version 17
VisualStudioVersion = 17.0.32014.148
MinimumVisualStudioVersion = 10.0.40219.1
Project("{9A19103F-16F7-4668-BE54-9A1E7A4F7556}") = "Stellamod", "C:/Users/samur\Documents\My Games\Terraria\tModLoader\ModSources\Stellamod\Stellamod.csproj", "{484B97FA-7174-4A84-85F5-5D86FF03F4A2}"
EndProject
Global
	GlobalSection(SolutionConfigurationPlatforms) = preSolution
		Debug|Any CPU = Debug|Any CPU
		Release|Any CPU = Release|Any CPU
	EndGlobalSection
	GlobalSection(ProjectConfigurationPlatforms) = postSolution
		{484B97FA-7174-4A84-85F5-5D86FF03F4A2}.Debug|Any CPU.ActiveCfg = Debug|Any CPU
		{484B97FA-7174-4A84-85F5-5D86FF03F4A2}.Debug|Any CPU.Build.0 = Debug|Any CPU
		{484B97FA-7174-4A84-85F5-5D86FF03F4A2}.Release|Any CPU.ActiveCfg = Release|Any CPU
		{484B97FA-7174-4A84-85F5-5D86FF03F4A2}.Release|Any CPU.Build.0 = Release|Any CPU
	EndGlobalSection
	GlobalSection(SolutionProperties) = preSolution
		HideSolutionNode = FALSE
	EndGlobalSection
	GlobalSection(ExtensibilityGlobals) = postSolution
		SolutionGuid = {DB28CF7E-9493-40AD-9FE8-B9A9D1C66DFD}
	EndGlobalSection
EndGlobal
